// !$*UTF8*$!
{
	archiveVersion = 1;
	classes = {
	};
	objectVersion = 46;
	objects = {

/* Begin PBXBuildFile section */
		E960EF2F155D68F800711060 /* UIKit.framework in Frameworks */ = {isa = PBXBuildFile; fileRef = E960EF2E155D68F800711060 /* UIKit.framework */; };
		E960EF31155D68F800711060 /* Foundation.framework in Frameworks */ = {isa = PBXBuildFile; fileRef = E960EF30155D68F800711060 /* Foundation.framework */; };
		E960EF33155D68F800711060 /* CoreGraphics.framework in Frameworks */ = {isa = PBXBuildFile; fileRef = E960EF32155D68F800711060 /* CoreGraphics.framework */; };
		E960EF4E155D6A0400711060 /* Foundation.framework in Frameworks */ = {isa = PBXBuildFile; fileRef = E960EF30155D68F800711060 /* Foundation.framework */; };
		E960EF60155D6A1D00711060 /* AppDelegate.m in Sources */ = {isa = PBXBuildFile; fileRef = E960EF5A155D6A1D00711060 /* AppDelegate.m */; };
		E960EF69155D6B1100711060 /* JUExplicitBinding.h in Headers */ = {isa = PBXBuildFile; fileRef = E960EF67155D6B1100711060 /* JUExplicitBinding.h */; settings = {ATTRIBUTES = (); }; };
		E960EF6A155D6B1100711060 /* JUExplicitBinding.m in Sources */ = {isa = PBXBuildFile; fileRef = E960EF68155D6B1100711060 /* JUExplicitBinding.m */; };
		E960EF6D155D748400711060 /* JUBindingProxy.h in Headers */ = {isa = PBXBuildFile; fileRef = E960EF6B155D748400711060 /* JUBindingProxy.h */; settings = {ATTRIBUTES = (); }; };
		E960EF6E155D748400711060 /* JUBindingProxy.m in Sources */ = {isa = PBXBuildFile; fileRef = E960EF6C155D748400711060 /* JUBindingProxy.m */; };
		E960EF73155D7E5500711060 /* libJUBindings.a in Frameworks */ = {isa = PBXBuildFile; fileRef = E960EF4D155D6A0400711060 /* libJUBindings.a */; };
		E9670E1A155F5603006D6BAF /* NSObject+JUAssociatedSet.h in Headers */ = {isa = PBXBuildFile; fileRef = E9670E15155F5603006D6BAF /* NSObject+JUAssociatedSet.h */; };
		E9670E1B155F5603006D6BAF /* NSObject+JUAssociatedSet.m in Sources */ = {isa = PBXBuildFile; fileRef = E9670E16155F5603006D6BAF /* NSObject+JUAssociatedSet.m */; };
		E9670E1C155F5603006D6BAF /* NSObject+JUKeyValueBindingCreation.h in Headers */ = {isa = PBXBuildFile; fileRef = E9670E17155F5603006D6BAF /* NSObject+JUKeyValueBindingCreation.h */; };
		E9670E1D155F5603006D6BAF /* NSObject+JUKeyValueBindingCreation.m in Sources */ = {isa = PBXBuildFile; fileRef = E9670E18155F5603006D6BAF /* NSObject+JUKeyValueBindingCreation.m */; };
		E9670E24155F5719006D6BAF /* JUSectionProxy.h in Headers */ = {isa = PBXBuildFile; fileRef = E9670E22155F5719006D6BAF /* JUSectionProxy.h */; };
		E9670E25155F5719006D6BAF /* JUSectionProxy.m in Sources */ = {isa = PBXBuildFile; fileRef = E9670E23155F5719006D6BAF /* JUSectionProxy.m */; };
		E96D6EB11560862F0022E619 /* TableDemoViewController.m in Sources */ = {isa = PBXBuildFile; fileRef = E96D6EB01560862F0022E619 /* TableDemoViewController.m */; };
		E96D6EB41560A1A80022E619 /* TableDemoView.xib in Resources */ = {isa = PBXBuildFile; fileRef = E96D6EB31560A1A80022E619 /* TableDemoView.xib */; };
		E96D6EB91560B7D70022E619 /* UIWebView+JUBindingAddition.h in Headers */ = {isa = PBXBuildFile; fileRef = E96D6EB71560B7D60022E619 /* UIWebView+JUBindingAddition.h */; };
		E96D6EBA1560B7D70022E619 /* UIWebView+JUBindingAddition.m in Sources */ = {isa = PBXBuildFile; fileRef = E96D6EB81560B7D60022E619 /* UIWebView+JUBindingAddition.m */; };
		E96D6EBD1560B8CD0022E619 /* WebViewDemoViewController.m in Sources */ = {isa = PBXBuildFile; fileRef = E96D6EBC1560B8CD0022E619 /* WebViewDemoViewController.m */; };
		E96D6EC01560B9660022E619 /* JUValueTransformer.h in Headers */ = {isa = PBXBuildFile; fileRef = E96D6EBE1560B9660022E619 /* JUValueTransformer.h */; };
		E96D6EC11560B9660022E619 /* JUValueTransformer.m in Sources */ = {isa = PBXBuildFile; fileRef = E96D6EBF1560B9660022E619 /* JUValueTransformer.m */; };
		E96D6EC31560BBCC0022E619 /* WebViewDemoView.xib in Resources */ = {isa = PBXBuildFile; fileRef = E96D6EC21560BBCC0022E619 /* WebViewDemoView.xib */; };
		E96D6EC61560BF3A0022E619 /* UINavigationBar+JUBindingAddition.h in Headers */ = {isa = PBXBuildFile; fileRef = E96D6EC41560BF390022E619 /* UINavigationBar+JUBindingAddition.h */; };
		E96D6EC71560BF3A0022E619 /* UINavigationBar+JUBindingAddition.m in Sources */ = {isa = PBXBuildFile; fileRef = E96D6EC51560BF390022E619 /* UINavigationBar+JUBindingAddition.m */; };
		E96D6ECE1560C9E30022E619 /* NSString+JUMassComparison.h in Headers */ = {isa = PBXBuildFile; fileRef = E96D6ECC1560C9E30022E619 /* NSString+JUMassComparison.h */; };
		E96D6ECF1560C9E30022E619 /* NSString+JUMassComparison.m in Sources */ = {isa = PBXBuildFile; fileRef = E96D6ECD1560C9E30022E619 /* NSString+JUMassComparison.m */; };
		E96D6ED2156133EB0022E619 /* UIControl+JUBindingAddition.h in Headers */ = {isa = PBXBuildFile; fileRef = E96D6ED0156133EA0022E619 /* UIControl+JUBindingAddition.h */; };
		E96D6ED3156133EB0022E619 /* UIControl+JUBindingAddition.m in Sources */ = {isa = PBXBuildFile; fileRef = E96D6ED1156133EB0022E619 /* UIControl+JUBindingAddition.m */; };
		E9844278155D8535007066C3 /* UITextField+JUBindingsAddition.h in Headers */ = {isa = PBXBuildFile; fileRef = E9844276155D8535007066C3 /* UITextField+JUBindingsAddition.h */; settings = {ATTRIBUTES = (); }; };
		E9844279155D8535007066C3 /* UITextField+JUBindingsAddition.m in Sources */ = {isa = PBXBuildFile; fileRef = E9844277155D8535007066C3 /* UITextField+JUBindingsAddition.m */; };
		E9844286155D8758007066C3 /* LabelDemoView.xib in Resources */ = {isa = PBXBuildFile; fileRef = E984427F155D8758007066C3 /* LabelDemoView.xib */; };
		E9844287155D8758007066C3 /* MainWindow.xib in Resources */ = {isa = PBXBuildFile; fileRef = E9844280155D8758007066C3 /* MainWindow.xib */; };
		E9844289155D8758007066C3 /* main.m in Sources */ = {isa = PBXBuildFile; fileRef = E9844284155D8758007066C3 /* main.m */; };
		E984428C155D87A1007066C3 /* LabelDemoViewController.m in Sources */ = {isa = PBXBuildFile; fileRef = E984428B155D87A1007066C3 /* LabelDemoViewController.m */; };
		E984428F155D89FC007066C3 /* UISlider+JUBindingAddition.h in Headers */ = {isa = PBXBuildFile; fileRef = E984428D155D89FC007066C3 /* UISlider+JUBindingAddition.h */; settings = {ATTRIBUTES = (); }; };
		E9844290155D89FC007066C3 /* UISlider+JUBindingAddition.m in Sources */ = {isa = PBXBuildFile; fileRef = E984428E155D89FC007066C3 /* UISlider+JUBindingAddition.m */; };
		E98442C3155DA557007066C3 /* UILabel+JUBindingAddition.h in Headers */ = {isa = PBXBuildFile; fileRef = E98442C1155DA557007066C3 /* UILabel+JUBindingAddition.h */; settings = {ATTRIBUTES = (); }; };
		E98442C4155DA557007066C3 /* UILabel+JUBindingAddition.m in Sources */ = {isa = PBXBuildFile; fileRef = E98442C2155DA557007066C3 /* UILabel+JUBindingAddition.m */; };
		E98442CB155DC6C4007066C3 /* UIView+JUBindingAddition.h in Headers */ = {isa = PBXBuildFile; fileRef = E98442C9155DC6C4007066C3 /* UIView+JUBindingAddition.h */; settings = {ATTRIBUTES = (); }; };
		E98442CC155DC6C4007066C3 /* UIView+JUBindingAddition.m in Sources */ = {isa = PBXBuildFile; fileRef = E98442CA155DC6C4007066C3 /* UIView+JUBindingAddition.m */; };
		E98442CF155DCCF1007066C3 /* UIViewController+JUBindingAddition.h in Headers */ = {isa = PBXBuildFile; fileRef = E98442CD155DCCF1007066C3 /* UIViewController+JUBindingAddition.h */; settings = {ATTRIBUTES = (); }; };
		E98442D0155DCCF1007066C3 /* UIViewController+JUBindingAddition.m in Sources */ = {isa = PBXBuildFile; fileRef = E98442CE155DCCF1007066C3 /* UIViewController+JUBindingAddition.m */; };
		E98442D3155DDC02007066C3 /* RootViewController.m in Sources */ = {isa = PBXBuildFile; fileRef = E98442D2155DDC02007066C3 /* RootViewController.m */; };
		E984430C155DDFF9007066C3 /* UITableView+JUBindingAddition.h in Headers */ = {isa = PBXBuildFile; fileRef = E984430A155DDFF7007066C3 /* UITableView+JUBindingAddition.h */; settings = {ATTRIBUTES = (); }; };
		E984430D155DDFF9007066C3 /* UITableView+JUBindingAddition.m in Sources */ = {isa = PBXBuildFile; fileRef = E984430B155DDFF7007066C3 /* UITableView+JUBindingAddition.m */; };
		E9844315155DE9AC007066C3 /* JUArrayController.h in Headers */ = {isa = PBXBuildFile; fileRef = E9844313155DE9AC007066C3 /* JUArrayController.h */; settings = {ATTRIBUTES = (); }; };
		E9844316155DE9AC007066C3 /* JUArrayController.m in Sources */ = {isa = PBXBuildFile; fileRef = E9844314155DE9AC007066C3 /* JUArrayController.m */; };
		E9844319155DE9C6007066C3 /* JUObjectController.h in Headers */ = {isa = PBXBuildFile; fileRef = E9844317155DE9C6007066C3 /* JUObjectController.h */; settings = {ATTRIBUTES = (); }; };
		E984431A155DE9C6007066C3 /* JUObjectController.m in Sources */ = {isa = PBXBuildFile; fileRef = E9844318155DE9C6007066C3 /* JUObjectController.m */; };
		E9844320155DEFF1007066C3 /* RootView.xib in Resources */ = {isa = PBXBuildFile; fileRef = E984431F155DEF9C007066C3 /* RootView.xib */; };
		E9844323155DF310007066C3 /* JUTableViewProxy.h in Headers */ = {isa = PBXBuildFile; fileRef = E9844321155DF30F007066C3 /* JUTableViewProxy.h */; };
		E9844324155DF310007066C3 /* JUTableViewProxy.m in Sources */ = {isa = PBXBuildFile; fileRef = E9844322155DF310007066C3 /* JUTableViewProxy.m */; };
		E9844327155E0B63007066C3 /* UITableViewCell+JUBindingAddition.h in Headers */ = {isa = PBXBuildFile; fileRef = E9844325155E0B62007066C3 /* UITableViewCell+JUBindingAddition.h */; };
		E9844328155E0B63007066C3 /* UITableViewCell+JUBindingAddition.m in Sources */ = {isa = PBXBuildFile; fileRef = E9844326155E0B62007066C3 /* UITableViewCell+JUBindingAddition.m */; };
		E984432B155E1145007066C3 /* UIImageView+JUBindingAddition.h in Headers */ = {isa = PBXBuildFile; fileRef = E9844329155E1144007066C3 /* UIImageView+JUBindingAddition.h */; };
		E984432C155E1145007066C3 /* UIImageView+JUBindingAddition.m in Sources */ = {isa = PBXBuildFile; fileRef = E984432A155E1144007066C3 /* UIImageView+JUBindingAddition.m */; };
		E984432F155E1BD5007066C3 /* JUUserDefaultsController.h in Headers */ = {isa = PBXBuildFile; fileRef = E984432D155E1BD4007066C3 /* JUUserDefaultsController.h */; };
		E9844330155E1BD5007066C3 /* JUUserDefaultsController.m in Sources */ = {isa = PBXBuildFile; fileRef = E984432E155E1BD4007066C3 /* JUUserDefaultsController.m */; };
		E9844334155E1E13007066C3 /* UISwitch+JUBindingAddition.h in Headers */ = {isa = PBXBuildFile; fileRef = E9844332155E1E12007066C3 /* UISwitch+JUBindingAddition.h */; };
		E9844335155E1E13007066C3 /* UISwitch+JUBindingAddition.m in Sources */ = {isa = PBXBuildFile; fileRef = E9844333155E1E12007066C3 /* UISwitch+JUBindingAddition.m */; };
		E9844338155E1E8E007066C3 /* DefaultsDemoViewController.h in Headers */ = {isa = PBXBuildFile; fileRef = E9844336155E1E8E007066C3 /* DefaultsDemoViewController.h */; };
		E984433A155E1EBF007066C3 /* DefaultsDemoViewController.m in Sources */ = {isa = PBXBuildFile; fileRef = E9844337155E1E8E007066C3 /* DefaultsDemoViewController.m */; };
		E984433B155E1FE0007066C3 /* DefaultsDemoView.xib in Resources */ = {isa = PBXBuildFile; fileRef = E9844331155E1D71007066C3 /* DefaultsDemoView.xib */; };
		E985983D1565BFC200D8FAAC /* SenTestingKit.framework in Frameworks */ = {isa = PBXBuildFile; fileRef = E985983C1565BFC200D8FAAC /* SenTestingKit.framework */; };
		E985983E1565BFC200D8FAAC /* UIKit.framework in Frameworks */ = {isa = PBXBuildFile; fileRef = E960EF2E155D68F800711060 /* UIKit.framework */; };
		E985983F1565BFC200D8FAAC /* Foundation.framework in Frameworks */ = {isa = PBXBuildFile; fileRef = E960EF30155D68F800711060 /* Foundation.framework */; };
		E985984E1565BFCC00D8FAAC /* libJUBindings.a in Frameworks */ = {isa = PBXBuildFile; fileRef = E960EF4D155D6A0400711060 /* libJUBindings.a */; };
		E9D70412156AD9B9000A5B6C /* ComplexObject.m in Sources */ = {isa = PBXBuildFile; fileRef = E9D70411156AD9B9000A5B6C /* ComplexObject.m */; };
		E9D70416156ADBDF000A5B6C /* ComplexObjectTests.m in Sources */ = {isa = PBXBuildFile; fileRef = E9D70415156ADBDF000A5B6C /* ComplexObjectTests.m */; };
		E9D70419156B243D000A5B6C /* CategoryTests.m in Sources */ = {isa = PBXBuildFile; fileRef = E9D70418156B243D000A5B6C /* CategoryTests.m */; };
		E9D7041D156BF5AA000A5B6C /* BindingOptionTests.m in Sources */ = {isa = PBXBuildFile; fileRef = E9D7041C156BF5AA000A5B6C /* BindingOptionTests.m */; };
		E9DCB277155F32730008D9F3 /* JUTableController.h in Headers */ = {isa = PBXBuildFile; fileRef = E9DCB275155F32730008D9F3 /* JUTableController.h */; };
		E9DCB278155F32730008D9F3 /* JUTableController.m in Sources */ = {isa = PBXBuildFile; fileRef = E9DCB276155F32730008D9F3 /* JUTableController.m */; };
		E9E62E711567DD8F00E6AB91 /* SimpleObject.m in Sources */ = {isa = PBXBuildFile; fileRef = E9E62E701567DD8F00E6AB91 /* SimpleObject.m */; };
		E9E62E741567E02C00E6AB91 /* SimpleObjectTests.m in Sources */ = {isa = PBXBuildFile; fileRef = E9E62E731567E02C00E6AB91 /* SimpleObjectTests.m */; };
/* End PBXBuildFile section */

/* Begin PBXContainerItemProxy section */
		E960EF77155D805F00711060 /* PBXContainerItemProxy */ = {
			isa = PBXContainerItemProxy;
			containerPortal = E960EF21155D68F800711060 /* Project object */;
			proxyType = 1;
			remoteGlobalIDString = E960EF4C155D6A0400711060;
			remoteInfo = JUBindings;
		};
		E985984F1565BFD000D8FAAC /* PBXContainerItemProxy */ = {
			isa = PBXContainerItemProxy;
			containerPortal = E960EF21155D68F800711060 /* Project object */;
			proxyType = 1;
			remoteGlobalIDString = E960EF4C155D6A0400711060;
			remoteInfo = JUBindings;
		};
/* End PBXContainerItemProxy section */

/* Begin PBXFileReference section */
		E960EF2A155D68F800711060 /* JUBindingsExample.app */ = {isa = PBXFileReference; explicitFileType = wrapper.application; includeInIndex = 0; path = JUBindingsExample.app; sourceTree = BUILT_PRODUCTS_DIR; };
		E960EF2E155D68F800711060 /* UIKit.framework */ = {isa = PBXFileReference; lastKnownFileType = wrapper.framework; name = UIKit.framework; path = System/Library/Frameworks/UIKit.framework; sourceTree = SDKROOT; };
		E960EF30155D68F800711060 /* Foundation.framework */ = {isa = PBXFileReference; lastKnownFileType = wrapper.framework; name = Foundation.framework; path = System/Library/Frameworks/Foundation.framework; sourceTree = SDKROOT; };
		E960EF32155D68F800711060 /* CoreGraphics.framework */ = {isa = PBXFileReference; lastKnownFileType = wrapper.framework; name = CoreGraphics.framework; path = System/Library/Frameworks/CoreGraphics.framework; sourceTree = SDKROOT; };
		E960EF4D155D6A0400711060 /* libJUBindings.a */ = {isa = PBXFileReference; explicitFileType = archive.ar; includeInIndex = 0; path = libJUBindings.a; sourceTree = BUILT_PRODUCTS_DIR; };
		E960EF51155D6A0400711060 /* JUBindings-Prefix.pch */ = {isa = PBXFileReference; lastKnownFileType = sourcecode.c.h; path = "JUBindings-Prefix.pch"; sourceTree = "<group>"; };
		E960EF52155D6A0400711060 /* JUBindings.h */ = {isa = PBXFileReference; lastKnownFileType = sourcecode.c.h; lineEnding = 0; path = JUBindings.h; sourceTree = "<group>"; xcLanguageSpecificationIdentifier = xcode.lang.objcpp; };
		E960EF59155D6A1D00711060 /* AppDelegate.h */ = {isa = PBXFileReference; fileEncoding = 4; lastKnownFileType = sourcecode.c.h; lineEnding = 0; path = AppDelegate.h; sourceTree = "<group>"; xcLanguageSpecificationIdentifier = xcode.lang.objcpp; };
		E960EF5A155D6A1D00711060 /* AppDelegate.m */ = {isa = PBXFileReference; fileEncoding = 4; lastKnownFileType = sourcecode.c.objc; lineEnding = 0; path = AppDelegate.m; sourceTree = "<group>"; xcLanguageSpecificationIdentifier = xcode.lang.objc; };
		E960EF67155D6B1100711060 /* JUExplicitBinding.h */ = {isa = PBXFileReference; fileEncoding = 4; lastKnownFileType = sourcecode.c.h; path = JUExplicitBinding.h; sourceTree = "<group>"; };
		E960EF68155D6B1100711060 /* JUExplicitBinding.m */ = {isa = PBXFileReference; fileEncoding = 4; lastKnownFileType = sourcecode.c.objc; path = JUExplicitBinding.m; sourceTree = "<group>"; };
		E960EF6B155D748400711060 /* JUBindingProxy.h */ = {isa = PBXFileReference; fileEncoding = 4; lastKnownFileType = sourcecode.c.h; lineEnding = 0; path = JUBindingProxy.h; sourceTree = "<group>"; xcLanguageSpecificationIdentifier = xcode.lang.objcpp; };
		E960EF6C155D748400711060 /* JUBindingProxy.m */ = {isa = PBXFileReference; fileEncoding = 4; lastKnownFileType = sourcecode.c.objc; lineEnding = 0; path = JUBindingProxy.m; sourceTree = "<group>"; xcLanguageSpecificationIdentifier = xcode.lang.objc; };
		E9670E15155F5603006D6BAF /* NSObject+JUAssociatedSet.h */ = {isa = PBXFileReference; fileEncoding = 4; lastKnownFileType = sourcecode.c.h; path = "NSObject+JUAssociatedSet.h"; sourceTree = "<group>"; };
		E9670E16155F5603006D6BAF /* NSObject+JUAssociatedSet.m */ = {isa = PBXFileReference; fileEncoding = 4; lastKnownFileType = sourcecode.c.objc; path = "NSObject+JUAssociatedSet.m"; sourceTree = "<group>"; };
		E9670E17155F5603006D6BAF /* NSObject+JUKeyValueBindingCreation.h */ = {isa = PBXFileReference; fileEncoding = 4; lastKnownFileType = sourcecode.c.h; path = "NSObject+JUKeyValueBindingCreation.h"; sourceTree = "<group>"; };
		E9670E18155F5603006D6BAF /* NSObject+JUKeyValueBindingCreation.m */ = {isa = PBXFileReference; fileEncoding = 4; lastKnownFileType = sourcecode.c.objc; path = "NSObject+JUKeyValueBindingCreation.m"; sourceTree = "<group>"; };
		E9670E22155F5719006D6BAF /* JUSectionProxy.h */ = {isa = PBXFileReference; fileEncoding = 4; lastKnownFileType = sourcecode.c.h; path = JUSectionProxy.h; sourceTree = "<group>"; };
		E9670E23155F5719006D6BAF /* JUSectionProxy.m */ = {isa = PBXFileReference; fileEncoding = 4; lastKnownFileType = sourcecode.c.objc; path = JUSectionProxy.m; sourceTree = "<group>"; };
		E96D6EAF1560862F0022E619 /* TableDemoViewController.h */ = {isa = PBXFileReference; fileEncoding = 4; lastKnownFileType = sourcecode.c.h; path = TableDemoViewController.h; sourceTree = "<group>"; };
		E96D6EB01560862F0022E619 /* TableDemoViewController.m */ = {isa = PBXFileReference; fileEncoding = 4; lastKnownFileType = sourcecode.c.objc; path = TableDemoViewController.m; sourceTree = "<group>"; };
		E96D6EB31560A1A80022E619 /* TableDemoView.xib */ = {isa = PBXFileReference; fileEncoding = 4; lastKnownFileType = file.xib; path = TableDemoView.xib; sourceTree = "<group>"; };
		E96D6EB71560B7D60022E619 /* UIWebView+JUBindingAddition.h */ = {isa = PBXFileReference; fileEncoding = 4; lastKnownFileType = sourcecode.c.h; path = "UIWebView+JUBindingAddition.h"; sourceTree = "<group>"; };
		E96D6EB81560B7D60022E619 /* UIWebView+JUBindingAddition.m */ = {isa = PBXFileReference; fileEncoding = 4; lastKnownFileType = sourcecode.c.objc; path = "UIWebView+JUBindingAddition.m"; sourceTree = "<group>"; };
		E96D6EBB1560B8CD0022E619 /* WebViewDemoViewController.h */ = {isa = PBXFileReference; fileEncoding = 4; lastKnownFileType = sourcecode.c.h; path = WebViewDemoViewController.h; sourceTree = "<group>"; };
		E96D6EBC1560B8CD0022E619 /* WebViewDemoViewController.m */ = {isa = PBXFileReference; fileEncoding = 4; lastKnownFileType = sourcecode.c.objc; path = WebViewDemoViewController.m; sourceTree = "<group>"; };
		E96D6EBE1560B9660022E619 /* JUValueTransformer.h */ = {isa = PBXFileReference; fileEncoding = 4; lastKnownFileType = sourcecode.c.h; path = JUValueTransformer.h; sourceTree = "<group>"; };
		E96D6EBF1560B9660022E619 /* JUValueTransformer.m */ = {isa = PBXFileReference; fileEncoding = 4; lastKnownFileType = sourcecode.c.objc; path = JUValueTransformer.m; sourceTree = "<group>"; };
		E96D6EC21560BBCC0022E619 /* WebViewDemoView.xib */ = {isa = PBXFileReference; fileEncoding = 4; lastKnownFileType = file.xib; path = WebViewDemoView.xib; sourceTree = "<group>"; };
		E96D6EC41560BF390022E619 /* UINavigationBar+JUBindingAddition.h */ = {isa = PBXFileReference; fileEncoding = 4; lastKnownFileType = sourcecode.c.h; path = "UINavigationBar+JUBindingAddition.h"; sourceTree = "<group>"; };
		E96D6EC51560BF390022E619 /* UINavigationBar+JUBindingAddition.m */ = {isa = PBXFileReference; fileEncoding = 4; lastKnownFileType = sourcecode.c.objc; path = "UINavigationBar+JUBindingAddition.m"; sourceTree = "<group>"; };
		E96D6ECC1560C9E30022E619 /* NSString+JUMassComparison.h */ = {isa = PBXFileReference; fileEncoding = 4; lastKnownFileType = sourcecode.c.h; path = "NSString+JUMassComparison.h"; sourceTree = "<group>"; };
		E96D6ECD1560C9E30022E619 /* NSString+JUMassComparison.m */ = {isa = PBXFileReference; fileEncoding = 4; lastKnownFileType = sourcecode.c.objc; path = "NSString+JUMassComparison.m"; sourceTree = "<group>"; };
		E96D6ED0156133EA0022E619 /* UIControl+JUBindingAddition.h */ = {isa = PBXFileReference; fileEncoding = 4; lastKnownFileType = sourcecode.c.h; path = "UIControl+JUBindingAddition.h"; sourceTree = "<group>"; };
		E96D6ED1156133EB0022E619 /* UIControl+JUBindingAddition.m */ = {isa = PBXFileReference; fileEncoding = 4; lastKnownFileType = sourcecode.c.objc; path = "UIControl+JUBindingAddition.m"; sourceTree = "<group>"; };
		E9844276155D8535007066C3 /* UITextField+JUBindingsAddition.h */ = {isa = PBXFileReference; fileEncoding = 4; lastKnownFileType = sourcecode.c.h; path = "UITextField+JUBindingsAddition.h"; sourceTree = "<group>"; };
		E9844277155D8535007066C3 /* UITextField+JUBindingsAddition.m */ = {isa = PBXFileReference; fileEncoding = 4; lastKnownFileType = sourcecode.c.objc; path = "UITextField+JUBindingsAddition.m"; sourceTree = "<group>"; };
		E984427F155D8758007066C3 /* LabelDemoView.xib */ = {isa = PBXFileReference; fileEncoding = 4; lastKnownFileType = file.xib; path = LabelDemoView.xib; sourceTree = "<group>"; };
		E9844280155D8758007066C3 /* MainWindow.xib */ = {isa = PBXFileReference; fileEncoding = 4; lastKnownFileType = file.xib; path = MainWindow.xib; sourceTree = "<group>"; };
		E9844282155D8758007066C3 /* JUBindings-Info.plist */ = {isa = PBXFileReference; fileEncoding = 4; lastKnownFileType = text.plist.xml; path = "JUBindings-Info.plist"; sourceTree = "<group>"; };
		E9844283155D8758007066C3 /* JUBindings-Prefix.pch */ = {isa = PBXFileReference; fileEncoding = 4; lastKnownFileType = sourcecode.c.h; path = "JUBindings-Prefix.pch"; sourceTree = "<group>"; };
		E9844284155D8758007066C3 /* main.m */ = {isa = PBXFileReference; fileEncoding = 4; lastKnownFileType = sourcecode.c.objc; path = main.m; sourceTree = "<group>"; };
		E984428A155D87A1007066C3 /* LabelDemoViewController.h */ = {isa = PBXFileReference; fileEncoding = 4; lastKnownFileType = sourcecode.c.h; path = LabelDemoViewController.h; sourceTree = "<group>"; };
		E984428B155D87A1007066C3 /* LabelDemoViewController.m */ = {isa = PBXFileReference; fileEncoding = 4; lastKnownFileType = sourcecode.c.objc; path = LabelDemoViewController.m; sourceTree = "<group>"; };
		E984428D155D89FC007066C3 /* UISlider+JUBindingAddition.h */ = {isa = PBXFileReference; fileEncoding = 4; lastKnownFileType = sourcecode.c.h; path = "UISlider+JUBindingAddition.h"; sourceTree = "<group>"; };
		E984428E155D89FC007066C3 /* UISlider+JUBindingAddition.m */ = {isa = PBXFileReference; fileEncoding = 4; lastKnownFileType = sourcecode.c.objc; path = "UISlider+JUBindingAddition.m"; sourceTree = "<group>"; };
		E98442C1155DA557007066C3 /* UILabel+JUBindingAddition.h */ = {isa = PBXFileReference; fileEncoding = 4; lastKnownFileType = sourcecode.c.h; path = "UILabel+JUBindingAddition.h"; sourceTree = "<group>"; };
		E98442C2155DA557007066C3 /* UILabel+JUBindingAddition.m */ = {isa = PBXFileReference; fileEncoding = 4; lastKnownFileType = sourcecode.c.objc; path = "UILabel+JUBindingAddition.m"; sourceTree = "<group>"; };
		E98442C9155DC6C4007066C3 /* UIView+JUBindingAddition.h */ = {isa = PBXFileReference; fileEncoding = 4; lastKnownFileType = sourcecode.c.h; path = "UIView+JUBindingAddition.h"; sourceTree = "<group>"; };
		E98442CA155DC6C4007066C3 /* UIView+JUBindingAddition.m */ = {isa = PBXFileReference; fileEncoding = 4; lastKnownFileType = sourcecode.c.objc; path = "UIView+JUBindingAddition.m"; sourceTree = "<group>"; };
		E98442CD155DCCF1007066C3 /* UIViewController+JUBindingAddition.h */ = {isa = PBXFileReference; fileEncoding = 4; lastKnownFileType = sourcecode.c.h; path = "UIViewController+JUBindingAddition.h"; sourceTree = "<group>"; };
		E98442CE155DCCF1007066C3 /* UIViewController+JUBindingAddition.m */ = {isa = PBXFileReference; fileEncoding = 4; lastKnownFileType = sourcecode.c.objc; path = "UIViewController+JUBindingAddition.m"; sourceTree = "<group>"; };
		E98442D1155DDC02007066C3 /* RootViewController.h */ = {isa = PBXFileReference; fileEncoding = 4; lastKnownFileType = sourcecode.c.h; path = RootViewController.h; sourceTree = "<group>"; };
		E98442D2155DDC02007066C3 /* RootViewController.m */ = {isa = PBXFileReference; fileEncoding = 4; lastKnownFileType = sourcecode.c.objc; path = RootViewController.m; sourceTree = "<group>"; };
		E984430A155DDFF7007066C3 /* UITableView+JUBindingAddition.h */ = {isa = PBXFileReference; fileEncoding = 4; lastKnownFileType = sourcecode.c.h; path = "UITableView+JUBindingAddition.h"; sourceTree = "<group>"; };
		E984430B155DDFF7007066C3 /* UITableView+JUBindingAddition.m */ = {isa = PBXFileReference; fileEncoding = 4; lastKnownFileType = sourcecode.c.objc; path = "UITableView+JUBindingAddition.m"; sourceTree = "<group>"; };
		E9844313155DE9AC007066C3 /* JUArrayController.h */ = {isa = PBXFileReference; fileEncoding = 4; lastKnownFileType = sourcecode.c.h; path = JUArrayController.h; sourceTree = "<group>"; };
		E9844314155DE9AC007066C3 /* JUArrayController.m */ = {isa = PBXFileReference; fileEncoding = 4; lastKnownFileType = sourcecode.c.objc; path = JUArrayController.m; sourceTree = "<group>"; };
		E9844317155DE9C6007066C3 /* JUObjectController.h */ = {isa = PBXFileReference; fileEncoding = 4; lastKnownFileType = sourcecode.c.h; path = JUObjectController.h; sourceTree = "<group>"; };
		E9844318155DE9C6007066C3 /* JUObjectController.m */ = {isa = PBXFileReference; fileEncoding = 4; lastKnownFileType = sourcecode.c.objc; path = JUObjectController.m; sourceTree = "<group>"; };
		E984431F155DEF9C007066C3 /* RootView.xib */ = {isa = PBXFileReference; fileEncoding = 4; lastKnownFileType = file.xib; path = RootView.xib; sourceTree = "<group>"; };
		E9844321155DF30F007066C3 /* JUTableViewProxy.h */ = {isa = PBXFileReference; fileEncoding = 4; lastKnownFileType = sourcecode.c.h; path = JUTableViewProxy.h; sourceTree = "<group>"; };
		E9844322155DF310007066C3 /* JUTableViewProxy.m */ = {isa = PBXFileReference; fileEncoding = 4; lastKnownFileType = sourcecode.c.objc; path = JUTableViewProxy.m; sourceTree = "<group>"; };
		E9844325155E0B62007066C3 /* UITableViewCell+JUBindingAddition.h */ = {isa = PBXFileReference; fileEncoding = 4; lastKnownFileType = sourcecode.c.h; path = "UITableViewCell+JUBindingAddition.h"; sourceTree = "<group>"; };
		E9844326155E0B62007066C3 /* UITableViewCell+JUBindingAddition.m */ = {isa = PBXFileReference; fileEncoding = 4; lastKnownFileType = sourcecode.c.objc; path = "UITableViewCell+JUBindingAddition.m"; sourceTree = "<group>"; };
		E9844329155E1144007066C3 /* UIImageView+JUBindingAddition.h */ = {isa = PBXFileReference; fileEncoding = 4; lastKnownFileType = sourcecode.c.h; path = "UIImageView+JUBindingAddition.h"; sourceTree = "<group>"; };
		E984432A155E1144007066C3 /* UIImageView+JUBindingAddition.m */ = {isa = PBXFileReference; fileEncoding = 4; lastKnownFileType = sourcecode.c.objc; path = "UIImageView+JUBindingAddition.m"; sourceTree = "<group>"; };
		E984432D155E1BD4007066C3 /* JUUserDefaultsController.h */ = {isa = PBXFileReference; fileEncoding = 4; lastKnownFileType = sourcecode.c.h; path = JUUserDefaultsController.h; sourceTree = "<group>"; };
		E984432E155E1BD4007066C3 /* JUUserDefaultsController.m */ = {isa = PBXFileReference; fileEncoding = 4; lastKnownFileType = sourcecode.c.objc; path = JUUserDefaultsController.m; sourceTree = "<group>"; };
		E9844331155E1D71007066C3 /* DefaultsDemoView.xib */ = {isa = PBXFileReference; fileEncoding = 4; lastKnownFileType = file.xib; path = DefaultsDemoView.xib; sourceTree = "<group>"; };
		E9844332155E1E12007066C3 /* UISwitch+JUBindingAddition.h */ = {isa = PBXFileReference; fileEncoding = 4; lastKnownFileType = sourcecode.c.h; path = "UISwitch+JUBindingAddition.h"; sourceTree = "<group>"; };
		E9844333155E1E12007066C3 /* UISwitch+JUBindingAddition.m */ = {isa = PBXFileReference; fileEncoding = 4; lastKnownFileType = sourcecode.c.objc; path = "UISwitch+JUBindingAddition.m"; sourceTree = "<group>"; };
		E9844336155E1E8E007066C3 /* DefaultsDemoViewController.h */ = {isa = PBXFileReference; fileEncoding = 4; lastKnownFileType = sourcecode.c.h; path = DefaultsDemoViewController.h; sourceTree = "<group>"; };
		E9844337155E1E8E007066C3 /* DefaultsDemoViewController.m */ = {isa = PBXFileReference; fileEncoding = 4; lastKnownFileType = sourcecode.c.objc; path = DefaultsDemoViewController.m; sourceTree = "<group>"; };
		E985983B1565BFC200D8FAAC /* Unit Tests.octest */ = {isa = PBXFileReference; explicitFileType = wrapper.cfbundle; includeInIndex = 0; path = "Unit Tests.octest"; sourceTree = BUILT_PRODUCTS_DIR; };
		E985983C1565BFC200D8FAAC /* SenTestingKit.framework */ = {isa = PBXFileReference; lastKnownFileType = wrapper.framework; name = SenTestingKit.framework; path = Library/Frameworks/SenTestingKit.framework; sourceTree = DEVELOPER_DIR; };
		E98598521565C09D00D8FAAC /* Unit Tests-Info.plist */ = {isa = PBXFileReference; fileEncoding = 4; lastKnownFileType = text.plist.xml; path = "Unit Tests-Info.plist"; sourceTree = "<group>"; };
		E98598531565C09D00D8FAAC /* Unit Tests-Prefix.pch */ = {isa = PBXFileReference; fileEncoding = 4; lastKnownFileType = sourcecode.c.h; path = "Unit Tests-Prefix.pch"; sourceTree = "<group>"; };
		E9D70410156AD9B9000A5B6C /* ComplexObject.h */ = {isa = PBXFileReference; fileEncoding = 4; lastKnownFileType = sourcecode.c.h; path = ComplexObject.h; sourceTree = "<group>"; };
		E9D70411156AD9B9000A5B6C /* ComplexObject.m */ = {isa = PBXFileReference; fileEncoding = 4; lastKnownFileType = sourcecode.c.objc; path = ComplexObject.m; sourceTree = "<group>"; };
		E9D70414156ADBDF000A5B6C /* ComplexObjectTests.h */ = {isa = PBXFileReference; fileEncoding = 4; lastKnownFileType = sourcecode.c.h; path = ComplexObjectTests.h; sourceTree = "<group>"; };
		E9D70415156ADBDF000A5B6C /* ComplexObjectTests.m */ = {isa = PBXFileReference; fileEncoding = 4; lastKnownFileType = sourcecode.c.objc; path = ComplexObjectTests.m; sourceTree = "<group>"; };
		E9D70417156B243D000A5B6C /* CategoryTests.h */ = {isa = PBXFileReference; fileEncoding = 4; lastKnownFileType = sourcecode.c.h; path = CategoryTests.h; sourceTree = "<group>"; };
		E9D70418156B243D000A5B6C /* CategoryTests.m */ = {isa = PBXFileReference; fileEncoding = 4; lastKnownFileType = sourcecode.c.objc; path = CategoryTests.m; sourceTree = "<group>"; };
		E9D7041A156BF3F9000A5B6C /* TestHelper.h */ = {isa = PBXFileReference; lastKnownFileType = sourcecode.c.h; path = TestHelper.h; sourceTree = "<group>"; };
		E9D7041B156BF5AA000A5B6C /* BindingOptionTests.h */ = {isa = PBXFileReference; fileEncoding = 4; lastKnownFileType = sourcecode.c.h; path = BindingOptionTests.h; sourceTree = "<group>"; };
		E9D7041C156BF5AA000A5B6C /* BindingOptionTests.m */ = {isa = PBXFileReference; fileEncoding = 4; lastKnownFileType = sourcecode.c.objc; path = BindingOptionTests.m; sourceTree = "<group>"; };
		E9DCB275155F32730008D9F3 /* JUTableController.h */ = {isa = PBXFileReference; fileEncoding = 4; lastKnownFileType = sourcecode.c.h; path = JUTableController.h; sourceTree = "<group>"; };
		E9DCB276155F32730008D9F3 /* JUTableController.m */ = {isa = PBXFileReference; fileEncoding = 4; lastKnownFileType = sourcecode.c.objc; path = JUTableController.m; sourceTree = "<group>"; };
		E9E62E6F1567DD8F00E6AB91 /* SimpleObject.h */ = {isa = PBXFileReference; fileEncoding = 4; lastKnownFileType = sourcecode.c.h; path = SimpleObject.h; sourceTree = "<group>"; };
		E9E62E701567DD8F00E6AB91 /* SimpleObject.m */ = {isa = PBXFileReference; fileEncoding = 4; lastKnownFileType = sourcecode.c.objc; path = SimpleObject.m; sourceTree = "<group>"; };
		E9E62E721567E02C00E6AB91 /* SimpleObjectTests.h */ = {isa = PBXFileReference; fileEncoding = 4; lastKnownFileType = sourcecode.c.h; path = SimpleObjectTests.h; sourceTree = "<group>"; };
		E9E62E731567E02C00E6AB91 /* SimpleObjectTests.m */ = {isa = PBXFileReference; fileEncoding = 4; lastKnownFileType = sourcecode.c.objc; path = SimpleObjectTests.m; sourceTree = "<group>"; };
/* End PBXFileReference section */

/* Begin PBXFrameworksBuildPhase section */
		E960EF27155D68F800711060 /* Frameworks */ = {
			isa = PBXFrameworksBuildPhase;
			buildActionMask = 2147483647;
			files = (
				E960EF2F155D68F800711060 /* UIKit.framework in Frameworks */,
				E960EF31155D68F800711060 /* Foundation.framework in Frameworks */,
				E960EF33155D68F800711060 /* CoreGraphics.framework in Frameworks */,
				E960EF73155D7E5500711060 /* libJUBindings.a in Frameworks */,
			);
			runOnlyForDeploymentPostprocessing = 0;
		};
		E960EF4A155D6A0400711060 /* Frameworks */ = {
			isa = PBXFrameworksBuildPhase;
			buildActionMask = 2147483647;
			files = (
				E960EF4E155D6A0400711060 /* Foundation.framework in Frameworks */,
			);
			runOnlyForDeploymentPostprocessing = 0;
		};
		E98598371565BFC200D8FAAC /* Frameworks */ = {
			isa = PBXFrameworksBuildPhase;
			buildActionMask = 2147483647;
			files = (
				E985984E1565BFCC00D8FAAC /* libJUBindings.a in Frameworks */,
				E985983D1565BFC200D8FAAC /* SenTestingKit.framework in Frameworks */,
				E985983E1565BFC200D8FAAC /* UIKit.framework in Frameworks */,
				E985983F1565BFC200D8FAAC /* Foundation.framework in Frameworks */,
			);
			runOnlyForDeploymentPostprocessing = 0;
		};
/* End PBXFrameworksBuildPhase section */

/* Begin PBXGroup section */
		E960EF1F155D68F800711060 = {
			isa = PBXGroup;
			children = (
				E960EF4F155D6A0400711060 /* JUBindings */,
				E960EF58155D6A1D00711060 /* Example */,
				E98598401565BFC200D8FAAC /* Unit Tests */,
				E960EF2D155D68F800711060 /* Frameworks */,
				E960EF2B155D68F800711060 /* Products */,
			);
			sourceTree = "<group>";
		};
		E960EF2B155D68F800711060 /* Products */ = {
			isa = PBXGroup;
			children = (
				E960EF2A155D68F800711060 /* JUBindingsExample.app */,
				E960EF4D155D6A0400711060 /* libJUBindings.a */,
				E985983B1565BFC200D8FAAC /* Unit Tests.octest */,
			);
			name = Products;
			sourceTree = "<group>";
		};
		E960EF2D155D68F800711060 /* Frameworks */ = {
			isa = PBXGroup;
			children = (
				E960EF2E155D68F800711060 /* UIKit.framework */,
				E960EF30155D68F800711060 /* Foundation.framework */,
				E960EF32155D68F800711060 /* CoreGraphics.framework */,
				E985983C1565BFC200D8FAAC /* SenTestingKit.framework */,
			);
			name = Frameworks;
			sourceTree = "<group>";
		};
		E960EF4F155D6A0400711060 /* JUBindings */ = {
			isa = PBXGroup;
			children = (
				E960EF64155D6A5600711060 /* Classes */,
				E960EF50155D6A0400711060 /* Supporting Files */,
			);
			path = JUBindings;
			sourceTree = "<group>";
		};
		E960EF50155D6A0400711060 /* Supporting Files */ = {
			isa = PBXGroup;
			children = (
				E960EF51155D6A0400711060 /* JUBindings-Prefix.pch */,
			);
			name = "Supporting Files";
			sourceTree = "<group>";
		};
		E960EF58155D6A1D00711060 /* Example */ = {
			isa = PBXGroup;
			children = (
				E960EF59155D6A1D00711060 /* AppDelegate.h */,
				E960EF5A155D6A1D00711060 /* AppDelegate.m */,
				E984427E155D8758007066C3 /* Nibs */,
				E9844285155D8758007066C3 /* View Controller */,
				E9844281155D8758007066C3 /* Supporting Files */,
			);
			path = Example;
			sourceTree = "<group>";
		};
		E960EF64155D6A5600711060 /* Classes */ = {
			isa = PBXGroup;
			children = (
				E9670E14155F5603006D6BAF /* Categories */,
				E9844312155DE9AC007066C3 /* Controller */,
				E9670E19155F5603006D6BAF /* Helper */,
				E9844275155D8503007066C3 /* UIKit Additions */,
				E960EF52155D6A0400711060 /* JUBindings.h */,
				E960EF6B155D748400711060 /* JUBindingProxy.h */,
				E960EF6C155D748400711060 /* JUBindingProxy.m */,
				E960EF67155D6B1100711060 /* JUExplicitBinding.h */,
				E960EF68155D6B1100711060 /* JUExplicitBinding.m */,
			);
			name = Classes;
			sourceTree = "<group>";
		};
		E9670E14155F5603006D6BAF /* Categories */ = {
			isa = PBXGroup;
			children = (
				E9670E15155F5603006D6BAF /* NSObject+JUAssociatedSet.h */,
				E9670E16155F5603006D6BAF /* NSObject+JUAssociatedSet.m */,
				E9670E17155F5603006D6BAF /* NSObject+JUKeyValueBindingCreation.h */,
				E9670E18155F5603006D6BAF /* NSObject+JUKeyValueBindingCreation.m */,
				E96D6ECC1560C9E30022E619 /* NSString+JUMassComparison.h */,
				E96D6ECD1560C9E30022E619 /* NSString+JUMassComparison.m */,
			);
			path = Categories;
			sourceTree = "<group>";
		};
		E9670E19155F5603006D6BAF /* Helper */ = {
			isa = PBXGroup;
			children = (
				E9670E22155F5719006D6BAF /* JUSectionProxy.h */,
				E9670E23155F5719006D6BAF /* JUSectionProxy.m */,
				E96D6EBE1560B9660022E619 /* JUValueTransformer.h */,
				E96D6EBF1560B9660022E619 /* JUValueTransformer.m */,
			);
			path = Helper;
			sourceTree = "<group>";
		};
		E9844275155D8503007066C3 /* UIKit Additions */ = {
			isa = PBXGroup;
			children = (
				E9844321155DF30F007066C3 /* JUTableViewProxy.h */,
				E9844322155DF310007066C3 /* JUTableViewProxy.m */,
				E96D6ED0156133EA0022E619 /* UIControl+JUBindingAddition.h */,
				E96D6ED1156133EB0022E619 /* UIControl+JUBindingAddition.m */,
				E9844329155E1144007066C3 /* UIImageView+JUBindingAddition.h */,
				E984432A155E1144007066C3 /* UIImageView+JUBindingAddition.m */,
				E98442C1155DA557007066C3 /* UILabel+JUBindingAddition.h */,
				E98442C2155DA557007066C3 /* UILabel+JUBindingAddition.m */,
				E96D6EC41560BF390022E619 /* UINavigationBar+JUBindingAddition.h */,
				E96D6EC51560BF390022E619 /* UINavigationBar+JUBindingAddition.m */,
				E984428D155D89FC007066C3 /* UISlider+JUBindingAddition.h */,
				E984428E155D89FC007066C3 /* UISlider+JUBindingAddition.m */,
				E9844332155E1E12007066C3 /* UISwitch+JUBindingAddition.h */,
				E9844333155E1E12007066C3 /* UISwitch+JUBindingAddition.m */,
				E984430A155DDFF7007066C3 /* UITableView+JUBindingAddition.h */,
				E984430B155DDFF7007066C3 /* UITableView+JUBindingAddition.m */,
				E9844325155E0B62007066C3 /* UITableViewCell+JUBindingAddition.h */,
				E9844326155E0B62007066C3 /* UITableViewCell+JUBindingAddition.m */,
				E9844276155D8535007066C3 /* UITextField+JUBindingsAddition.h */,
				E9844277155D8535007066C3 /* UITextField+JUBindingsAddition.m */,
				E98442C9155DC6C4007066C3 /* UIView+JUBindingAddition.h */,
				E98442CA155DC6C4007066C3 /* UIView+JUBindingAddition.m */,
				E98442CD155DCCF1007066C3 /* UIViewController+JUBindingAddition.h */,
				E98442CE155DCCF1007066C3 /* UIViewController+JUBindingAddition.m */,
				E96D6EB71560B7D60022E619 /* UIWebView+JUBindingAddition.h */,
				E96D6EB81560B7D60022E619 /* UIWebView+JUBindingAddition.m */,
			);
			path = "UIKit Additions";
			sourceTree = "<group>";
		};
		E984427E155D8758007066C3 /* Nibs */ = {
			isa = PBXGroup;
			children = (
				E984431F155DEF9C007066C3 /* RootView.xib */,
				E984427F155D8758007066C3 /* LabelDemoView.xib */,
				E9844331155E1D71007066C3 /* DefaultsDemoView.xib */,
				E96D6EB31560A1A80022E619 /* TableDemoView.xib */,
				E96D6EC21560BBCC0022E619 /* WebViewDemoView.xib */,
				E9844280155D8758007066C3 /* MainWindow.xib */,
			);
			path = Nibs;
			sourceTree = "<group>";
		};
		E9844281155D8758007066C3 /* Supporting Files */ = {
			isa = PBXGroup;
			children = (
				E9844282155D8758007066C3 /* JUBindings-Info.plist */,
				E9844283155D8758007066C3 /* JUBindings-Prefix.pch */,
				E9844284155D8758007066C3 /* main.m */,
			);
			path = "Supporting Files";
			sourceTree = "<group>";
		};
		E9844285155D8758007066C3 /* View Controller */ = {
			isa = PBXGroup;
			children = (
				E98442D1155DDC02007066C3 /* RootViewController.h */,
				E98442D2155DDC02007066C3 /* RootViewController.m */,
				E984428A155D87A1007066C3 /* LabelDemoViewController.h */,
				E984428B155D87A1007066C3 /* LabelDemoViewController.m */,
				E9844336155E1E8E007066C3 /* DefaultsDemoViewController.h */,
				E9844337155E1E8E007066C3 /* DefaultsDemoViewController.m */,
				E96D6EAF1560862F0022E619 /* TableDemoViewController.h */,
				E96D6EB01560862F0022E619 /* TableDemoViewController.m */,
				E96D6EBB1560B8CD0022E619 /* WebViewDemoViewController.h */,
				E96D6EBC1560B8CD0022E619 /* WebViewDemoViewController.m */,
			);
			path = "View Controller";
			sourceTree = "<group>";
		};
		E9844312155DE9AC007066C3 /* Controller */ = {
			isa = PBXGroup;
			children = (
				E9844313155DE9AC007066C3 /* JUArrayController.h */,
				E9844314155DE9AC007066C3 /* JUArrayController.m */,
				E9844317155DE9C6007066C3 /* JUObjectController.h */,
				E9844318155DE9C6007066C3 /* JUObjectController.m */,
				E9DCB275155F32730008D9F3 /* JUTableController.h */,
				E9DCB276155F32730008D9F3 /* JUTableController.m */,
				E984432D155E1BD4007066C3 /* JUUserDefaultsController.h */,
				E984432E155E1BD4007066C3 /* JUUserDefaultsController.m */,
			);
			path = Controller;
			sourceTree = "<group>";
		};
		E98598401565BFC200D8FAAC /* Unit Tests */ = {
			isa = PBXGroup;
			children = (
				E98598591565C19F00D8FAAC /* Test Objects */,
				E98598541565C09D00D8FAAC /* Tests */,
				E98598511565C09D00D8FAAC /* Supporting files */,
			);
			path = "Unit Tests";
			sourceTree = "<group>";
		};
		E98598511565C09D00D8FAAC /* Supporting files */ = {
			isa = PBXGroup;
			children = (
				E98598521565C09D00D8FAAC /* Unit Tests-Info.plist */,
				E98598531565C09D00D8FAAC /* Unit Tests-Prefix.pch */,
			);
			path = "Supporting files";
			sourceTree = "<group>";
		};
		E98598541565C09D00D8FAAC /* Tests */ = {
			isa = PBXGroup;
			children = (
				E9D7041A156BF3F9000A5B6C /* TestHelper.h */,
				E9D7041B156BF5AA000A5B6C /* BindingOptionTests.h */,
				E9D7041C156BF5AA000A5B6C /* BindingOptionTests.m */,
				E9D70417156B243D000A5B6C /* CategoryTests.h */,
				E9D70418156B243D000A5B6C /* CategoryTests.m */,
				E9D70414156ADBDF000A5B6C /* ComplexObjectTests.h */,
				E9D70415156ADBDF000A5B6C /* ComplexObjectTests.m */,
				E9E62E721567E02C00E6AB91 /* SimpleObjectTests.h */,
				E9E62E731567E02C00E6AB91 /* SimpleObjectTests.m */,
			);
			path = Tests;
			sourceTree = "<group>";
		};
		E98598591565C19F00D8FAAC /* Test Objects */ = {
			isa = PBXGroup;
			children = (
				E9D70410156AD9B9000A5B6C /* ComplexObject.h */,
				E9D70411156AD9B9000A5B6C /* ComplexObject.m */,
				E9E62E6F1567DD8F00E6AB91 /* SimpleObject.h */,
				E9E62E701567DD8F00E6AB91 /* SimpleObject.m */,
			);
			path = "Test Objects";
			sourceTree = "<group>";
		};
/* End PBXGroup section */

/* Begin PBXHeadersBuildPhase section */
		E960EF4B155D6A0400711060 /* Headers */ = {
			isa = PBXHeadersBuildPhase;
			buildActionMask = 2147483647;
			files = (
				E960EF69155D6B1100711060 /* JUExplicitBinding.h in Headers */,
				E960EF6D155D748400711060 /* JUBindingProxy.h in Headers */,
				E9844278155D8535007066C3 /* UITextField+JUBindingsAddition.h in Headers */,
				E984428F155D89FC007066C3 /* UISlider+JUBindingAddition.h in Headers */,
				E98442C3155DA557007066C3 /* UILabel+JUBindingAddition.h in Headers */,
				E98442CB155DC6C4007066C3 /* UIView+JUBindingAddition.h in Headers */,
				E98442CF155DCCF1007066C3 /* UIViewController+JUBindingAddition.h in Headers */,
				E984430C155DDFF9007066C3 /* UITableView+JUBindingAddition.h in Headers */,
				E9844315155DE9AC007066C3 /* JUArrayController.h in Headers */,
				E9844319155DE9C6007066C3 /* JUObjectController.h in Headers */,
				E9844323155DF310007066C3 /* JUTableViewProxy.h in Headers */,
				E9844327155E0B63007066C3 /* UITableViewCell+JUBindingAddition.h in Headers */,
				E984432B155E1145007066C3 /* UIImageView+JUBindingAddition.h in Headers */,
				E984432F155E1BD5007066C3 /* JUUserDefaultsController.h in Headers */,
				E9844334155E1E13007066C3 /* UISwitch+JUBindingAddition.h in Headers */,
				E9844338155E1E8E007066C3 /* DefaultsDemoViewController.h in Headers */,
				E9DCB277155F32730008D9F3 /* JUTableController.h in Headers */,
				E9670E1A155F5603006D6BAF /* NSObject+JUAssociatedSet.h in Headers */,
				E9670E1C155F5603006D6BAF /* NSObject+JUKeyValueBindingCreation.h in Headers */,
				E9670E24155F5719006D6BAF /* JUSectionProxy.h in Headers */,
				E96D6EB91560B7D70022E619 /* UIWebView+JUBindingAddition.h in Headers */,
				E96D6EC01560B9660022E619 /* JUValueTransformer.h in Headers */,
				E96D6EC61560BF3A0022E619 /* UINavigationBar+JUBindingAddition.h in Headers */,
				E96D6ECE1560C9E30022E619 /* NSString+JUMassComparison.h in Headers */,
				E96D6ED2156133EB0022E619 /* UIControl+JUBindingAddition.h in Headers */,
			);
			runOnlyForDeploymentPostprocessing = 0;
		};
/* End PBXHeadersBuildPhase section */

/* Begin PBXNativeTarget section */
		E960EF29155D68F800711060 /* JUBindingsExample */ = {
			isa = PBXNativeTarget;
			buildConfigurationList = E960EF42155D68F800711060 /* Build configuration list for PBXNativeTarget "JUBindingsExample" */;
			buildPhases = (
				E960EF26155D68F800711060 /* Sources */,
				E960EF27155D68F800711060 /* Frameworks */,
				E960EF28155D68F800711060 /* Resources */,
			);
			buildRules = (
			);
			dependencies = (
				E960EF78155D805F00711060 /* PBXTargetDependency */,
			);
			name = JUBindingsExample;
			productName = JUBindings;
			productReference = E960EF2A155D68F800711060 /* JUBindingsExample.app */;
			productType = "com.apple.product-type.application";
		};
		E960EF4C155D6A0400711060 /* JUBindings */ = {
			isa = PBXNativeTarget;
			buildConfigurationList = E960EF55155D6A0400711060 /* Build configuration list for PBXNativeTarget "JUBindings" */;
			buildPhases = (
				E960EF49155D6A0400711060 /* Sources */,
				E960EF4A155D6A0400711060 /* Frameworks */,
				E960EF4B155D6A0400711060 /* Headers */,
			);
			buildRules = (
			);
			dependencies = (
			);
			name = JUBindings;
			productName = JUBindings;
			productReference = E960EF4D155D6A0400711060 /* libJUBindings.a */;
			productType = "com.apple.product-type.library.static";
		};
		E985983A1565BFC200D8FAAC /* Unit Tests */ = {
			isa = PBXNativeTarget;
			buildConfigurationList = E985984C1565BFC200D8FAAC /* Build configuration list for PBXNativeTarget "Unit Tests" */;
			buildPhases = (
				E98598361565BFC200D8FAAC /* Sources */,
				E98598371565BFC200D8FAAC /* Frameworks */,
				E98598381565BFC200D8FAAC /* Resources */,
				E98598391565BFC200D8FAAC /* ShellScript */,
			);
			buildRules = (
			);
			dependencies = (
				E98598501565BFD000D8FAAC /* PBXTargetDependency */,
			);
			name = "Unit Tests";
			productName = "Unit Tests";
			productReference = E985983B1565BFC200D8FAAC /* Unit Tests.octest */;
			productType = "com.apple.product-type.bundle";
		};
/* End PBXNativeTarget section */

/* Begin PBXProject section */
		E960EF21155D68F800711060 /* Project object */ = {
			isa = PBXProject;
			attributes = {
				LastUpgradeCheck = 0430;
			};
			buildConfigurationList = E960EF24155D68F800711060 /* Build configuration list for PBXProject "JUBindings" */;
			compatibilityVersion = "Xcode 3.2";
			developmentRegion = English;
			hasScannedForEncodings = 0;
			knownRegions = (
				en,
			);
			mainGroup = E960EF1F155D68F800711060;
			productRefGroup = E960EF2B155D68F800711060 /* Products */;
			projectDirPath = "";
			projectRoot = "";
			targets = (
				E960EF4C155D6A0400711060 /* JUBindings */,
				E960EF29155D68F800711060 /* JUBindingsExample */,
				E985983A1565BFC200D8FAAC /* Unit Tests */,
			);
		};
/* End PBXProject section */

/* Begin PBXResourcesBuildPhase section */
		E960EF28155D68F800711060 /* Resources */ = {
			isa = PBXResourcesBuildPhase;
			buildActionMask = 2147483647;
			files = (
				E9844286155D8758007066C3 /* LabelDemoView.xib in Resources */,
				E984433B155E1FE0007066C3 /* DefaultsDemoView.xib in Resources */,
				E9844320155DEFF1007066C3 /* RootView.xib in Resources */,
				E9844287155D8758007066C3 /* MainWindow.xib in Resources */,
				E96D6EB41560A1A80022E619 /* TableDemoView.xib in Resources */,
				E96D6EC31560BBCC0022E619 /* WebViewDemoView.xib in Resources */,
			);
			runOnlyForDeploymentPostprocessing = 0;
		};
		E98598381565BFC200D8FAAC /* Resources */ = {
			isa = PBXResourcesBuildPhase;
			buildActionMask = 2147483647;
			files = (
			);
			runOnlyForDeploymentPostprocessing = 0;
		};
/* End PBXResourcesBuildPhase section */

/* Begin PBXShellScriptBuildPhase section */
		E98598391565BFC200D8FAAC /* ShellScript */ = {
			isa = PBXShellScriptBuildPhase;
			buildActionMask = 2147483647;
			files = (
			);
			inputPaths = (
			);
			outputPaths = (
			);
			runOnlyForDeploymentPostprocessing = 0;
			shellPath = /bin/sh;
			shellScript = "# Run the unit tests in this test bundle.\n\"${SYSTEM_DEVELOPER_DIR}/Tools/RunUnitTests\"\n";
		};
/* End PBXShellScriptBuildPhase section */

/* Begin PBXSourcesBuildPhase section */
		E960EF26155D68F800711060 /* Sources */ = {
			isa = PBXSourcesBuildPhase;
			buildActionMask = 2147483647;
			files = (
				E960EF60155D6A1D00711060 /* AppDelegate.m in Sources */,
				E9844289155D8758007066C3 /* main.m in Sources */,
				E984428C155D87A1007066C3 /* LabelDemoViewController.m in Sources */,
				E98442D3155DDC02007066C3 /* RootViewController.m in Sources */,
				E984433A155E1EBF007066C3 /* DefaultsDemoViewController.m in Sources */,
				E96D6EB11560862F0022E619 /* TableDemoViewController.m in Sources */,
				E96D6EBD1560B8CD0022E619 /* WebViewDemoViewController.m in Sources */,
			);
			runOnlyForDeploymentPostprocessing = 0;
		};
		E960EF49155D6A0400711060 /* Sources */ = {
			isa = PBXSourcesBuildPhase;
			buildActionMask = 2147483647;
			files = (
				E960EF6A155D6B1100711060 /* JUExplicitBinding.m in Sources */,
				E960EF6E155D748400711060 /* JUBindingProxy.m in Sources */,
				E9844279155D8535007066C3 /* UITextField+JUBindingsAddition.m in Sources */,
				E9844290155D89FC007066C3 /* UISlider+JUBindingAddition.m in Sources */,
				E98442C4155DA557007066C3 /* UILabel+JUBindingAddition.m in Sources */,
				E98442CC155DC6C4007066C3 /* UIView+JUBindingAddition.m in Sources */,
				E98442D0155DCCF1007066C3 /* UIViewController+JUBindingAddition.m in Sources */,
				E984430D155DDFF9007066C3 /* UITableView+JUBindingAddition.m in Sources */,
				E9844316155DE9AC007066C3 /* JUArrayController.m in Sources */,
				E984431A155DE9C6007066C3 /* JUObjectController.m in Sources */,
				E9844324155DF310007066C3 /* JUTableViewProxy.m in Sources */,
				E9844328155E0B63007066C3 /* UITableViewCell+JUBindingAddition.m in Sources */,
				E984432C155E1145007066C3 /* UIImageView+JUBindingAddition.m in Sources */,
				E9844330155E1BD5007066C3 /* JUUserDefaultsController.m in Sources */,
				E9844335155E1E13007066C3 /* UISwitch+JUBindingAddition.m in Sources */,
				E9DCB278155F32730008D9F3 /* JUTableController.m in Sources */,
				E9670E1B155F5603006D6BAF /* NSObject+JUAssociatedSet.m in Sources */,
				E9670E1D155F5603006D6BAF /* NSObject+JUKeyValueBindingCreation.m in Sources */,
				E9670E25155F5719006D6BAF /* JUSectionProxy.m in Sources */,
				E96D6EBA1560B7D70022E619 /* UIWebView+JUBindingAddition.m in Sources */,
				E96D6EC11560B9660022E619 /* JUValueTransformer.m in Sources */,
				E96D6EC71560BF3A0022E619 /* UINavigationBar+JUBindingAddition.m in Sources */,
				E96D6ECF1560C9E30022E619 /* NSString+JUMassComparison.m in Sources */,
				E96D6ED3156133EB0022E619 /* UIControl+JUBindingAddition.m in Sources */,
			);
			runOnlyForDeploymentPostprocessing = 0;
		};
		E98598361565BFC200D8FAAC /* Sources */ = {
			isa = PBXSourcesBuildPhase;
			buildActionMask = 2147483647;
			files = (
				E9E62E711567DD8F00E6AB91 /* SimpleObject.m in Sources */,
				E9E62E741567E02C00E6AB91 /* SimpleObjectTests.m in Sources */,
				E9D70412156AD9B9000A5B6C /* ComplexObject.m in Sources */,
				E9D70416156ADBDF000A5B6C /* ComplexObjectTests.m in Sources */,
				E9D70419156B243D000A5B6C /* CategoryTests.m in Sources */,
				E9D7041D156BF5AA000A5B6C /* BindingOptionTests.m in Sources */,
			);
			runOnlyForDeploymentPostprocessing = 0;
		};
/* End PBXSourcesBuildPhase section */

/* Begin PBXTargetDependency section */
		E960EF78155D805F00711060 /* PBXTargetDependency */ = {
			isa = PBXTargetDependency;
			target = E960EF4C155D6A0400711060 /* JUBindings */;
			targetProxy = E960EF77155D805F00711060 /* PBXContainerItemProxy */;
		};
		E98598501565BFD000D8FAAC /* PBXTargetDependency */ = {
			isa = PBXTargetDependency;
			target = E960EF4C155D6A0400711060 /* JUBindings */;
			targetProxy = E985984F1565BFD000D8FAAC /* PBXContainerItemProxy */;
		};
/* End PBXTargetDependency section */

/* Begin XCBuildConfiguration section */
		E960EF40155D68F800711060 /* Debug */ = {
			isa = XCBuildConfiguration;
			buildSettings = {
				ALWAYS_SEARCH_USER_PATHS = NO;
				ARCHS = "$(ARCHS_STANDARD_32_BIT)";
				"CODE_SIGN_IDENTITY[sdk=iphoneos*]" = "iPhone Developer";
				COPY_PHASE_STRIP = NO;
				GCC_C_LANGUAGE_STANDARD = gnu99;
				GCC_DYNAMIC_NO_PIC = NO;
				GCC_OPTIMIZATION_LEVEL = 0;
				GCC_PREPROCESSOR_DEFINITIONS = (
					"DEBUG=1",
					"$(inherited)",
				);
				GCC_SYMBOLS_PRIVATE_EXTERN = NO;
				GCC_VERSION = com.apple.compilers.llvm.clang.1_0;
				GCC_WARN_ABOUT_RETURN_TYPE = YES;
				GCC_WARN_UNINITIALIZED_AUTOS = YES;
				GCC_WARN_UNUSED_VARIABLE = YES;
				IPHONEOS_DEPLOYMENT_TARGET = 5.1;
				SDKROOT = iphoneos;
			};
			name = Debug;
		};
		E960EF41155D68F800711060 /* Release */ = {
			isa = XCBuildConfiguration;
			buildSettings = {
				ALWAYS_SEARCH_USER_PATHS = NO;
				ARCHS = "$(ARCHS_STANDARD_32_BIT)";
				"CODE_SIGN_IDENTITY[sdk=iphoneos*]" = "iPhone Developer";
				COPY_PHASE_STRIP = YES;
				GCC_C_LANGUAGE_STANDARD = gnu99;
				GCC_VERSION = com.apple.compilers.llvm.clang.1_0;
				GCC_WARN_ABOUT_RETURN_TYPE = YES;
				GCC_WARN_UNINITIALIZED_AUTOS = YES;
				GCC_WARN_UNUSED_VARIABLE = YES;
				IPHONEOS_DEPLOYMENT_TARGET = 5.1;
				OTHER_CFLAGS = "-DNS_BLOCK_ASSERTIONS=1";
				SDKROOT = iphoneos;
				VALIDATE_PRODUCT = YES;
			};
			name = Release;
		};
		E960EF43155D68F800711060 /* Debug */ = {
			isa = XCBuildConfiguration;
			buildSettings = {
				GCC_PRECOMPILE_PREFIX_HEADER = YES;
				GCC_PREFIX_HEADER = "Example/Supporting Files/JUBindings-Prefix.pch";
				INFOPLIST_FILE = "Example/Supporting Files/JUBindings-Info.plist";
				OTHER_LDFLAGS = (
					"-ObjC",
					"-all_load",
				);
				PRODUCT_NAME = "$(TARGET_NAME)";
				WRAPPER_EXTENSION = app;
			};
			name = Debug;
		};
		E960EF44155D68F800711060 /* Release */ = {
			isa = XCBuildConfiguration;
			buildSettings = {
				GCC_PRECOMPILE_PREFIX_HEADER = YES;
				GCC_PREFIX_HEADER = "Example/Supporting Files/JUBindings-Prefix.pch";
				INFOPLIST_FILE = "Example/Supporting Files/JUBindings-Info.plist";
				OTHER_LDFLAGS = (
					"-ObjC",
					"-all_load",
				);
				PRODUCT_NAME = "$(TARGET_NAME)";
				WRAPPER_EXTENSION = app;
			};
			name = Release;
		};
		E960EF56155D6A0400711060 /* Debug */ = {
			isa = XCBuildConfiguration;
			buildSettings = {
				DSTROOT = /tmp/JUBindings.dst;
				GCC_PRECOMPILE_PREFIX_HEADER = YES;
				GCC_PREFIX_HEADER = "JUBindings/JUBindings-Prefix.pch";
				OTHER_LDFLAGS = "";
				PRODUCT_NAME = "$(TARGET_NAME)";
				SKIP_INSTALL = YES;
			};
			name = Debug;
		};
		E960EF57155D6A0400711060 /* Release */ = {
			isa = XCBuildConfiguration;
			buildSettings = {
				DSTROOT = /tmp/JUBindings.dst;
				GCC_PRECOMPILE_PREFIX_HEADER = YES;
				GCC_PREFIX_HEADER = "JUBindings/JUBindings-Prefix.pch";
				OTHER_LDFLAGS = "";
				PRODUCT_NAME = "$(TARGET_NAME)";
				SKIP_INSTALL = YES;
			};
			name = Release;
		};
		E985984A1565BFC200D8FAAC /* Debug */ = {
			isa = XCBuildConfiguration;
			buildSettings = {
				CLANG_CXX_LANGUAGE_STANDARD = "gnu++0x";
				CLANG_WARN__DUPLICATE_METHOD_MATCH = YES;
				FRAMEWORK_SEARCH_PATHS = (
					"\"$(SDKROOT)/Developer/Library/Frameworks\"",
					"\"$(DEVELOPER_LIBRARY_DIR)/Frameworks\"",
				);
				GCC_PRECOMPILE_PREFIX_HEADER = YES;
				GCC_PREFIX_HEADER = "Unit Tests/Supporting files/Unit Tests-Prefix.pch";
				INFOPLIST_FILE = "Unit Tests/Supporting files/Unit Tests-Info.plist";
				OTHER_LDFLAGS = (
					"-all_load",
					"-ObjC",
				);
				PRODUCT_NAME = "$(TARGET_NAME)";
				WRAPPER_EXTENSION = octest;
			};
			name = Debug;
		};
		E985984B1565BFC200D8FAAC /* Release */ = {
			isa = XCBuildConfiguration;
			buildSettings = {
				CLANG_CXX_LANGUAGE_STANDARD = "gnu++0x";
				CLANG_WARN__DUPLICATE_METHOD_MATCH = YES;
				FRAMEWORK_SEARCH_PATHS = (
					"\"$(SDKROOT)/Developer/Library/Frameworks\"",
					"\"$(DEVELOPER_LIBRARY_DIR)/Frameworks\"",
				);
				GCC_PRECOMPILE_PREFIX_HEADER = YES;
				GCC_PREFIX_HEADER = "Unit Tests/Supporting files/Unit Tests-Prefix.pch";
				INFOPLIST_FILE = "Unit Tests/Supporting files/Unit Tests-Info.plist";
				OTHER_LDFLAGS = (
					"-all_load",
					"-ObjC",
				);
				PRODUCT_NAME = "$(TARGET_NAME)";
				WRAPPER_EXTENSION = octest;
			};
			name = Release;
		};
/* End XCBuildConfiguration section */

/* Begin XCConfigurationList section */
		E960EF24155D68F800711060 /* Build configuration list for PBXProject "JUBindings" */ = {
			isa = XCConfigurationList;
			buildConfigurations = (
				E960EF40155D68F800711060 /* Debug */,
				E960EF41155D68F800711060 /* Release */,
			);
			defaultConfigurationIsVisible = 0;
			defaultConfigurationName = Release;
		};
		E960EF42155D68F800711060 /* Build configuration list for PBXNativeTarget "JUBindingsExample" */ = {
			isa = XCConfigurationList;
			buildConfigurations = (
				E960EF43155D68F800711060 /* Debug */,
				E960EF44155D68F800711060 /* Release */,
			);
			defaultConfigurationIsVisible = 0;
			defaultConfigurationName = Release;
		};
		E960EF55155D6A0400711060 /* Build configuration list for PBXNativeTarget "JUBindings" */ = {
			isa = XCConfigurationList;
			buildConfigurations = (
				E960EF56155D6A0400711060 /* Debug */,
				E960EF57155D6A0400711060 /* Release */,
			);
			defaultConfigurationIsVisible = 0;
			defaultConfigurationName = Release;
		};
		E985984C1565BFC200D8FAAC /* Build configuration list for PBXNativeTarget "Unit Tests" */ = {
			isa = XCConfigurationList;
			buildConfigurations = (
				E985984A1565BFC200D8FAAC /* Debug */,
				E985984B1565BFC200D8FAAC /* Release */,
			);
			defaultConfigurationIsVisible = 0;
			defaultConfigurationName = Release;
		};
/* End XCConfigurationList section */
	};
	rootObject = E960EF21155D68F800711060 /* Project object */;
}
